
Microsoft Visual Studio Solution File, Format Version 12.00
# Visual Studio Version 17
VisualStudioVersion = 17.4.33213.308
MinimumVisualStudioVersion = 10.0.40219.1
Project("{FAE04EC0-301F-11D3-BF4B-00C04F79EFBC}") = "OOP-Final-assessment", "OOP-Final-assessment.csproj", "{AD4B106E-0B6C-4CC0-9A17-E0ED801CBB91}"
EndProject
Global
	GlobalSection(SolutionConfigurationPlatforms) = preSolution
		Debug|Any CPU = Debug|Any CPU
		Release|Any CPU = Release|Any CPU
	EndGlobalSection
	GlobalSection(ProjectConfigurationPlatforms) = postSolution
		{AD4B106E-0B6C-4CC0-9A17-E0ED801CBB91}.Debug|Any CPU.ActiveCfg = Debug|Any CPU
		{AD4B106E-0B6C-4CC0-9A17-E0ED801CBB91}.Debug|Any CPU.Build.0 = Debug|Any CPU
		{AD4B106E-0B6C-4CC0-9A17-E0ED801CBB91}.Release|Any CPU.ActiveCfg = Release|Any CPU
		{AD4B106E-0B6C-4CC0-9A17-E0ED801CBB91}.Release|Any CPU.Build.0 = Release|Any CPU
	EndGlobalSection
	GlobalSection(SolutionProperties) = preSolution
		HideSolutionNode = FALSE
	EndGlobalSection
	GlobalSection(ExtensibilityGlobals) = postSolution
		SolutionGuid = {1C25238A-8C17-454D-8B98-C38827EF5D61}
	EndGlobalSection
EndGlobal
